
Microsoft Visual Studio Solution File, Format Version 12.00
# Visual Studio Version 17
VisualStudioVersion = 17.14.36221.1
MinimumVisualStudioVersion = 10.0.40219.1
Project("{FAE04EC0-301F-11D3-BF4B-00C04F79EFBC}") = "GestionBibliotecaES", "GestionBibliotecaES.csproj", "{3301EC7D-555B-444A-83C1-F94C01D2B542}"
EndProject
Global
	GlobalSection(SolutionConfigurationPlatforms) = preSolution
		Debug|Any CPU = Debug|Any CPU
		Release|Any CPU = Release|Any CPU
	EndGlobalSection
	GlobalSection(ProjectConfigurationPlatforms) = postSolution
		{3301EC7D-555B-444A-83C1-F94C01D2B542}.Debug|Any CPU.ActiveCfg = Debug|Any CPU
		{3301EC7D-555B-444A-83C1-F94C01D2B542}.Debug|Any CPU.Build.0 = Debug|Any CPU
		{3301EC7D-555B-444A-83C1-F94C01D2B542}.Release|Any CPU.ActiveCfg = Release|Any CPU
		{3301EC7D-555B-444A-83C1-F94C01D2B542}.Release|Any CPU.Build.0 = Release|Any CPU
	EndGlobalSection
	GlobalSection(SolutionProperties) = preSolution
		HideSolutionNode = FALSE
	EndGlobalSection
	GlobalSection(ExtensibilityGlobals) = postSolution
		SolutionGuid = {C85BD5C2-5D34-4FAF-BCC0-31541CBF049C}
	EndGlobalSection
EndGlobal
